
Microsoft Visual Studio Solution File, Format Version 12.00
# Visual Studio Version 17
VisualStudioVersion = 17.0.31903.59
MinimumVisualStudioVersion = 10.0.40219.1
Project("{FAE04EC0-301F-11D3-BF4B-00C04F79EFBC}") = "API", "API\API.csproj", "{6F391F71-6F22-49C7-A2BC-E7817C0475C3}"
EndProject
Project("{FAE04EC0-301F-11D3-BF4B-00C04F79EFBC}") = "Core", "Core\Core.csproj", "{14917993-ACB2-436A-A004-DA88AE7C2A76}"
EndProject
Project("{FAE04EC0-301F-11D3-BF4B-00C04F79EFBC}") = "Infrastructure", "Infrastructure\Infrastructure.csproj", "{F7A0B58B-DBFA-4C26-9DE1-5E33037040D7}"
EndProject
Global
	GlobalSection(SolutionConfigurationPlatforms) = preSolution
		Debug|Any CPU = Debug|Any CPU
		Debug|x64 = Debug|x64
		Debug|x86 = Debug|x86
		Release|Any CPU = Release|Any CPU
		Release|x64 = Release|x64
		Release|x86 = Release|x86
	EndGlobalSection
	GlobalSection(ProjectConfigurationPlatforms) = postSolution
		{6F391F71-6F22-49C7-A2BC-E7817C0475C3}.Debug|Any CPU.ActiveCfg = Debug|Any CPU
		{6F391F71-6F22-49C7-A2BC-E7817C0475C3}.Debug|Any CPU.Build.0 = Debug|Any CPU
		{6F391F71-6F22-49C7-A2BC-E7817C0475C3}.Debug|x64.ActiveCfg = Debug|Any CPU
		{6F391F71-6F22-49C7-A2BC-E7817C0475C3}.Debug|x64.Build.0 = Debug|Any CPU
		{6F391F71-6F22-49C7-A2BC-E7817C0475C3}.Debug|x86.ActiveCfg = Debug|Any CPU
		{6F391F71-6F22-49C7-A2BC-E7817C0475C3}.Debug|x86.Build.0 = Debug|Any CPU
		{6F391F71-6F22-49C7-A2BC-E7817C0475C3}.Release|Any CPU.ActiveCfg = Release|Any CPU
		{6F391F71-6F22-49C7-A2BC-E7817C0475C3}.Release|Any CPU.Build.0 = Release|Any CPU
		{6F391F71-6F22-49C7-A2BC-E7817C0475C3}.Release|x64.ActiveCfg = Release|Any CPU
		{6F391F71-6F22-49C7-A2BC-E7817C0475C3}.Release|x64.Build.0 = Release|Any CPU
		{6F391F71-6F22-49C7-A2BC-E7817C0475C3}.Release|x86.ActiveCfg = Release|Any CPU
		{6F391F71-6F22-49C7-A2BC-E7817C0475C3}.Release|x86.Build.0 = Release|Any CPU
		{14917993-ACB2-436A-A004-DA88AE7C2A76}.Debug|Any CPU.ActiveCfg = Debug|Any CPU
		{14917993-ACB2-436A-A004-DA88AE7C2A76}.Debug|Any CPU.Build.0 = Debug|Any CPU
		{14917993-ACB2-436A-A004-DA88AE7C2A76}.Debug|x64.ActiveCfg = Debug|Any CPU
		{14917993-ACB2-436A-A004-DA88AE7C2A76}.Debug|x64.Build.0 = Debug|Any CPU
		{14917993-ACB2-436A-A004-DA88AE7C2A76}.Debug|x86.ActiveCfg = Debug|Any CPU
		{14917993-ACB2-436A-A004-DA88AE7C2A76}.Debug|x86.Build.0 = Debug|Any CPU
		{14917993-ACB2-436A-A004-DA88AE7C2A76}.Release|Any CPU.ActiveCfg = Release|Any CPU
		{14917993-ACB2-436A-A004-DA88AE7C2A76}.Release|Any CPU.Build.0 = Release|Any CPU
		{14917993-ACB2-436A-A004-DA88AE7C2A76}.Release|x64.ActiveCfg = Release|Any CPU
		{14917993-ACB2-436A-A004-DA88AE7C2A76}.Release|x64.Build.0 = Release|Any CPU
		{14917993-ACB2-436A-A004-DA88AE7C2A76}.Release|x86.ActiveCfg = Release|Any CPU
		{14917993-ACB2-436A-A004-DA88AE7C2A76}.Release|x86.Build.0 = Release|Any CPU
		{F7A0B58B-DBFA-4C26-9DE1-5E33037040D7}.Debug|Any CPU.ActiveCfg = Debug|Any CPU
		{F7A0B58B-DBFA-4C26-9DE1-5E33037040D7}.Debug|Any CPU.Build.0 = Debug|Any CPU
		{F7A0B58B-DBFA-4C26-9DE1-5E33037040D7}.Debug|x64.ActiveCfg = Debug|Any CPU
		{F7A0B58B-DBFA-4C26-9DE1-5E33037040D7}.Debug|x64.Build.0 = Debug|Any CPU
		{F7A0B58B-DBFA-4C26-9DE1-5E33037040D7}.Debug|x86.ActiveCfg = Debug|Any CPU
		{F7A0B58B-DBFA-4C26-9DE1-5E33037040D7}.Debug|x86.Build.0 = Debug|Any CPU
		{F7A0B58B-DBFA-4C26-9DE1-5E33037040D7}.Release|Any CPU.ActiveCfg = Release|Any CPU
		{F7A0B58B-DBFA-4C26-9DE1-5E33037040D7}.Release|Any CPU.Build.0 = Release|Any CPU
		{F7A0B58B-DBFA-4C26-9DE1-5E33037040D7}.Release|x64.ActiveCfg = Release|Any CPU
		{F7A0B58B-DBFA-4C26-9DE1-5E33037040D7}.Release|x64.Build.0 = Release|Any CPU
		{F7A0B58B-DBFA-4C26-9DE1-5E33037040D7}.Release|x86.ActiveCfg = Release|Any CPU
		{F7A0B58B-DBFA-4C26-9DE1-5E33037040D7}.Release|x86.Build.0 = Release|Any CPU
	EndGlobalSection
	GlobalSection(SolutionProperties) = preSolution
		HideSolutionNode = FALSE
	EndGlobalSection
EndGlobal
